{
    "_readme": [
        "This file locks the dependencies of your project to a known state",
        "Read more about it at https://getcomposer.org/doc/01-basic-usage.md#installing-dependencies",
        "This file is @generated automatically"
    ],
    "content-hash": "a327b3401d602f2d8ae56b542a0cfac1",
    "packages": [
        {
            "name": "akeeba/s3",
            "version": "dev-development",
            "source": {
                "type": "git",
                "url": "https://github.com/akeeba/s3.git",
                "reference": "78667669e6d0a51b088fa86dc52b9146481ebb14"
            },
            "dist": {
                "type": "zip",
                "url": "https://api.github.com/repos/akeeba/s3/zipball/78667669e6d0a51b088fa86dc52b9146481ebb14",
                "reference": "78667669e6d0a51b088fa86dc52b9146481ebb14",
                "shasum": ""
            },
            "require": {
                "ext-curl": "*",
                "ext-simplexml": "*",
                "php": "^7.4.0|^8.0"
            },
            "default-branch": true,
            "type": "library",
            "autoload": {
                "files": [
                    "src/aliasing.php"
                ],
                "psr-4": {
                    "Akeeba\\S3\\": "src"
                }
            },
            "notification-url": "https://packagist.org/downloads/",
            "license": [
                "GPL-3.0-or-later"
            ],
            "authors": [
                {
                    "name": "Nicholas K. Dionysopoulos",
                    "email": "nicholas_NO_SPAM_PLEASE@akeeba.com",
                    "homepage": "http://www.dionysopoulos.me",
                    "role": "Lead Developer"
                }
            ],
            "description": "A compact, dependency-less Amazon S3 API client implementing the most commonly used features",
            "homepage": "https://github.com/akeeba/s3",
            "keywords": [
                "s3"
            ],
            "support": {
                "issues": "https://github.com/akeeba/s3/issues",
                "source": "https://github.com/akeeba/s3/tree/development"
            },
            "time": "2026-09-01T05:59:26+00:00"
        },
        {
            "name": "league/mime-type-detection",
            "version": "1.17.0",
            "source": {
                "type": "git",
                "url": "https://github.com/thephpleague/mime-type-detection.git",
                "reference": "f5f47eff7c48ed1003069a2ca67f316fb4021c76"
            },
            "dist": {
                "type": "zip",
                "url": "https://api.github.com/repos/thephpleague/mime-type-detection/zipball/f5f47eff7c48ed1003069a2ca67f316fb4021c76",
                "reference": "f5f47eff7c48ed1003069a2ca67f316fb4021c76",
                "shasum": ""
            },
            "require": {
                "ext-fileinfo": "*",
                "php": "^7.4 || ^8.0"
            },
            "require-dev": {
                "friendsofphp/php-cs-fixer": "^3.2",
                "phpstan/phpstan": "^0.12.68",
                "phpunit/phpunit": "^8.5.8 || ^9.3 || ^10.0 || ^11.0 || ^12.0"
            },
            "type": "library",
            "autoload": {
                "psr-4": {
                    "League\\MimeTypeDetection\\": "src"
                }
            },
            "notification-url": "https://packagist.org/downloads/",
            "license": [
                "MIT"
            ],
            "authors": [
                {
                    "name": "Frank de Jonge",
                    "email": "info@frankdejonge.nl"
                }
            ],
            "description": "Mime-type detection for Flysystem",
            "support": {
                "issues": "https://github.com/thephpleague/mime-type-detection/issues",
                "source": "https://github.com/thephpleague/mime-type-detection/tree/1.17.0"
            },
            "funding": [
                {
                    "url": "https://github.com/frankdejonge",
                    "type": "github"
                },
                {
                    "url": "https://tidelift.com/funding/github/packagist/league/flysystem",
                    "type": "tidelift"
                }
            ],
            "time": "2026-07-09T11:49:27+00:00"
        }
    ],
    "packages-dev": [],
    "aliases": [],
    "minimum-stability": "dev",
    "stability-flags": {
        "akeeba/s3": 20
    },
    "prefer-stable": false,
    "prefer-lowest": false,
    "platform": {
        "php": ">=8.1.0 <8.7",
        "ext-simplexml": "*",
        "ext-json": "*"
    },
    "platform-dev": {},
    "platform-overrides": {
        "php": "8.1.999"
    },
    "plugin-api-version": "2.9.0"
}
